
Microsoft Visual Studio Solution File, Format Version 12.00
# Visual Studio Version 17
VisualStudioVersion = 17.3.32819.101
MinimumVisualStudioVersion = 10.0.40219.1
Project("{9A19103F-16F7-4668-BE54-9A1E7A4F7556}") = "BulkyBook", "BulkyBook\BulkyBook.csproj", "{2D7789AB-C3A0-484F-ADEC-092A368207D9}"
EndProject
Project("{9A19103F-16F7-4668-BE54-9A1E7A4F7556}") = "BulkyBook.DataAccess", "BulkyBook.DataAccess\BulkyBook.DataAccess.csproj", "{1C2B768A-CE56-43FC-AE79-335DCEC3CC97}"
EndProject
Project("{9A19103F-16F7-4668-BE54-9A1E7A4F7556}") = "BulkyBook.Models", "BulkyBook.Models\BulkyBook.Models.csproj", "{A0D74DD2-61F4-41E9-902C-D7D83384B8AC}"
EndProject
Project("{9A19103F-16F7-4668-BE54-9A1E7A4F7556}") = "BulkyBook.Utility", "BulkyBook.Utility\BulkyBook.Utility.csproj", "{6AC4D0E6-3712-4CF4-A93D-59EB9DF76467}"
EndProject
Global
	GlobalSection(SolutionConfigurationPlatforms) = preSolution
		Debug|Any CPU = Debug|Any CPU
		Release|Any CPU = Release|Any CPU
	EndGlobalSection
	GlobalSection(ProjectConfigurationPlatforms) = postSolution
		{2D7789AB-C3A0-484F-ADEC-092A368207D9}.Debug|Any CPU.ActiveCfg = Debug|Any CPU
		{2D7789AB-C3A0-484F-ADEC-092A368207D9}.Debug|Any CPU.Build.0 = Debug|Any CPU
		{2D7789AB-C3A0-484F-ADEC-092A368207D9}.Release|Any CPU.ActiveCfg = Release|Any CPU
		{2D7789AB-C3A0-484F-ADEC-092A368207D9}.Release|Any CPU.Build.0 = Release|Any CPU
		{1C2B768A-CE56-43FC-AE79-335DCEC3CC97}.Debug|Any CPU.ActiveCfg = Debug|Any CPU
		{1C2B768A-CE56-43FC-AE79-335DCEC3CC97}.Debug|Any CPU.Build.0 = Debug|Any CPU
		{1C2B768A-CE56-43FC-AE79-335DCEC3CC97}.Release|Any CPU.ActiveCfg = Release|Any CPU
		{1C2B768A-CE56-43FC-AE79-335DCEC3CC97}.Release|Any CPU.Build.0 = Release|Any CPU
		{A0D74DD2-61F4-41E9-902C-D7D83384B8AC}.Debug|Any CPU.ActiveCfg = Debug|Any CPU
		{A0D74DD2-61F4-41E9-902C-D7D83384B8AC}.Debug|Any CPU.Build.0 = Debug|Any CPU
		{A0D74DD2-61F4-41E9-902C-D7D83384B8AC}.Release|Any CPU.ActiveCfg = Release|Any CPU
		{A0D74DD2-61F4-41E9-902C-D7D83384B8AC}.Release|Any CPU.Build.0 = Release|Any CPU
		{6AC4D0E6-3712-4CF4-A93D-59EB9DF76467}.Debug|Any CPU.ActiveCfg = Debug|Any CPU
		{6AC4D0E6-3712-4CF4-A93D-59EB9DF76467}.Debug|Any CPU.Build.0 = Debug|Any CPU
		{6AC4D0E6-3712-4CF4-A93D-59EB9DF76467}.Release|Any CPU.ActiveCfg = Release|Any CPU
		{6AC4D0E6-3712-4CF4-A93D-59EB9DF76467}.Release|Any CPU.Build.0 = Release|Any CPU
	EndGlobalSection
	GlobalSection(SolutionProperties) = preSolution
		HideSolutionNode = FALSE
	EndGlobalSection
	GlobalSection(ExtensibilityGlobals) = postSolution
		SolutionGuid = {5A6EF421-0FDC-4603-828D-F8AF56C040E9}
	EndGlobalSection
EndGlobal
